
Microsoft Visual Studio Solution File, Format Version 12.00
# Visual Studio Version 17
VisualStudioVersion = 17.3.32929.385
MinimumVisualStudioVersion = 10.0.40219.1
Project("{FAE04EC0-301F-11D3-BF4B-00C04F79EFBC}") = "WebApp1", "WebApp1\WebApp1.csproj", "{2C5F09CE-1289-453F-A37E-2F464ACD41EB}"
EndProject
Global
	GlobalSection(SolutionConfigurationPlatforms) = preSolution
		Debug|Any CPU = Debug|Any CPU
		Release|Any CPU = Release|Any CPU
	EndGlobalSection
	GlobalSection(ProjectConfigurationPlatforms) = postSolution
		{2C5F09CE-1289-453F-A37E-2F464ACD41EB}.Debug|Any CPU.ActiveCfg = Debug|Any CPU
		{2C5F09CE-1289-453F-A37E-2F464ACD41EB}.Debug|Any CPU.Build.0 = Debug|Any CPU
		{2C5F09CE-1289-453F-A37E-2F464ACD41EB}.Release|Any CPU.ActiveCfg = Release|Any CPU
		{2C5F09CE-1289-453F-A37E-2F464ACD41EB}.Release|Any CPU.Build.0 = Release|Any CPU
	EndGlobalSection
	GlobalSection(SolutionProperties) = preSolution
		HideSolutionNode = FALSE
	EndGlobalSection
	GlobalSection(ExtensibilityGlobals) = postSolution
		SolutionGuid = {90080432-3DAD-45A9-845D-4D3E518B56C4}
	EndGlobalSection
EndGlobal
